{
    "_readme": [
        "This file locks the dependencies of your project to a known state",
        "Read more about it at https://getcomposer.org/doc/01-basic-usage.md#installing-dependencies",
        "This file is @generated automatically"
    ],
    "content-hash": "22c2b8a448cd7c4799b5d06cbeb76b92",
    "packages": [],
    "packages-dev": [
        {
            "name": "symfony/deprecation-contracts",
            "version": "dev-master",
            "source": {
                "type": "git",
                "url": "https://github.com/symfony/deprecation-contracts.git",
                "reference": "ede224dcbc36138943a296107db2b8b2a690ac1c"
            },
            "dist": {
                "type": "zip",
                "url": "https://api.github.com/repos/symfony/deprecation-contracts/zipball/ede224dcbc36138943a296107db2b8b2a690ac1c",
                "reference": "ede224dcbc36138943a296107db2b8b2a690ac1c",
                "shasum": ""
            },
            "require": {
                "php": "^7.1"
            },
            "type": "library",
            "extra": {
                "branch-alias": {
                    "dev-master": "2.1-dev"
                }
            },
            "autoload": {
                "files": [
                    "function.php"
                ]
            },
            "notification-url": "https://packagist.org/downloads/",
            "license": [
                "MIT"
            ],
            "authors": [
                {
                    "name": "Nicolas Grekas",
                    "email": "p@tchwork.com"
                },
                {
                    "name": "Symfony Community",
                    "homepage": "https://symfony.com/contributors"
                }
            ],
            "description": "A generic function and convention to trigger deprecation notices",
            "homepage": "https://symfony.com",
            "time": "2020-02-14T07:31:56+00:00"
        },
        {
            "name": "symfony/options-resolver",
            "version": "dev-master",
            "source": {
                "type": "git",
                "url": "https://github.com/symfony/options-resolver.git",
                "reference": "0ab7e5a2e271e60dd58b0458c090c1489254a29e"
            },
            "dist": {
                "type": "zip",
                "url": "https://api.github.com/repos/symfony/options-resolver/zipball/0ab7e5a2e271e60dd58b0458c090c1489254a29e",
                "reference": "0ab7e5a2e271e60dd58b0458c090c1489254a29e",
                "shasum": ""
            },
            "require": {
                "php": "^7.2.5",
                "symfony/deprecation-contracts": "^2.1",
                "symfony/polyfill-php80": "^1.15"
            },
            "type": "library",
            "extra": {
                "branch-alias": {
                    "dev-master": "5.1-dev"
                }
            },
            "autoload": {
                "psr-4": {
                    "Symfony\\Component\\OptionsResolver\\": ""
                },
                "exclude-from-classmap": [
                    "/Tests/"
                ]
            },
            "notification-url": "https://packagist.org/downloads/",
            "license": [
                "MIT"
            ],
            "authors": [
                {
                    "name": "Fabien Potencier",
                    "email": "fabien@symfony.com"
                },
                {
                    "name": "Symfony Community",
                    "homepage": "https://symfony.com/contributors"
                }
            ],
            "description": "Symfony OptionsResolver Component",
            "homepage": "https://symfony.com",
            "keywords": [
                "config",
                "configuration",
                "options"
            ],
            "time": "2020-04-21T07:24:21+00:00"
        },
        {
            "name": "symfony/polyfill-iconv",
            "version": "dev-master",
            "source": {
                "type": "git",
                "url": "https://github.com/symfony/polyfill-iconv.git",
                "reference": "ad6d62792bfbcfc385dd34b424d4fcf9712a32c8"
            },
            "dist": {
                "type": "zip",
                "url": "https://api.github.com/repos/symfony/polyfill-iconv/zipball/ad6d62792bfbcfc385dd34b424d4fcf9712a32c8",
                "reference": "ad6d62792bfbcfc385dd34b424d4fcf9712a32c8",
                "shasum": ""
            },
            "require": {
                "php": ">=5.3.3"
            },
            "suggest": {
                "ext-iconv": "For best performance"
            },
            "type": "library",
            "extra": {
                "branch-alias": {
                    "dev-master": "1.15-dev"
                }
            },
            "autoload": {
                "psr-4": {
                    "Symfony\\Polyfill\\Iconv\\": ""
                },
                "files": [
                    "bootstrap.php"
                ]
            },
            "notification-url": "https://packagist.org/downloads/",
            "license": [
                "MIT"
            ],
            "authors": [
                {
                    "name": "Nicolas Grekas",
                    "email": "p@tchwork.com"
                },
                {
                    "name": "Symfony Community",
                    "homepage": "https://symfony.com/contributors"
                }
            ],
            "description": "Symfony polyfill for the Iconv extension",
            "homepage": "https://symfony.com",
            "keywords": [
                "compatibility",
                "iconv",
                "polyfill",
                "portable",
                "shim"
            ],
            "time": "2020-03-09T19:04:49+00:00"
        },
        {
            "name": "symfony/polyfill-php80",
            "version": "dev-master",
            "source": {
                "type": "git",
                "url": "https://github.com/symfony/polyfill-php80.git",
                "reference": "8854dc880784d2ae32908b75824754339b5c0555"
            },
            "dist": {
                "type": "zip",
                "url": "https://api.github.com/repos/symfony/polyfill-php80/zipball/8854dc880784d2ae32908b75824754339b5c0555",
                "reference": "8854dc880784d2ae32908b75824754339b5c0555",
                "shasum": ""
            },
            "require": {
                "php": ">=7.0.8"
            },
            "type": "library",
            "extra": {
                "branch-alias": {
                    "dev-master": "1.15-dev"
                }
            },
            "autoload": {
                "psr-4": {
                    "Symfony\\Polyfill\\Php80\\": ""
                },
                "files": [
                    "bootstrap.php"
                ],
                "classmap": [
                    "Resources/stubs"
                ]
            },
            "notification-url": "https://packagist.org/downloads/",
            "license": [
                "MIT"
            ],
            "authors": [
                {
                    "name": "Ion Bazan",
                    "email": "ion.bazan@gmail.com"
                },
                {
                    "name": "Nicolas Grekas",
                    "email": "p@tchwork.com"
                },
                {
                    "name": "Symfony Community",
                    "homepage": "https://symfony.com/contributors"
                }
            ],
            "description": "Symfony polyfill backporting some PHP 8.0+ features to lower PHP versions",
            "homepage": "https://symfony.com",
            "keywords": [
                "compatibility",
                "polyfill",
                "portable",
                "shim"
            ],
            "time": "2020-03-03T16:59:03+00:00"
        },
        {
            "name": "wsdl2phpgenerator/wsdl2phpgenerator",
            "version": "dev-ssl",
            "source": {
                "type": "git",
                "url": "https://github.com/jongotlin/wsdl2phpgenerator.git",
                "reference": "ba377b46550856f8879b7fa67d87baaf335ea86d"
            },
            "dist": {
                "type": "zip",
                "url": "https://api.github.com/repos/jongotlin/wsdl2phpgenerator/zipball/ba377b46550856f8879b7fa67d87baaf335ea86d",
                "reference": "ba377b46550856f8879b7fa67d87baaf335ea86d",
                "shasum": ""
            },
            "require": {
                "ext-soap": "*",
                "php": "^7.2",
                "symfony/options-resolver": "^3.4 || ^4.3 || ^5.0",
                "symfony/polyfill-iconv": "^1.13.1"
            },
            "require-dev": {
                "friendsofphp/php-cs-fixer": "^2.16",
                "kasperg/phing-github": "0.2.*",
                "phing/phing": "^2.16.3",
                "php-vcr/php-vcr": "^1.4.4",
                "php-vcr/phpunit-testlistener-vcr": "^3.2.1",
                "phpstan/phpstan": "^0.12.9",
                "phpunit/phpunit": "^8.5",
                "psr/log": "^1.1.2",
                "symfony/yaml": "^2.8.52"
            },
            "type": "library",
            "extra": {
                "branch-alias": {
                    "dev-master": "3.5.x-dev"
                }
            },
            "autoload": {
                "psr-4": {
                    "Wsdl2PhpGenerator\\": [
                        "src/",
                        "lib/"
                    ]
                }
            },
            "autoload-dev": {
                "psr-4": {
                    "Wsdl2PhpGenerator\\Tests\\": [
                        "tests/src"
                    ]
                },
                "classmap": [
                    "tests/generated/"
                ]
            },
            "scripts": {
                "test": [
                    "phpunit"
                ],
                "fix": [
                    "php-cs-fixer fix"
                ],
                "analyse": [
                    "phpstan analyse src/ tests/src/ --memory-limit=512M --level 7 --configuration phpstan.neon"
                ]
            },
            "license": [
                "MIT"
            ],
            "description": "Simple class library for generating php classes from a wsdl file.",
            "keywords": [
                "soap",
                "wsdl"
            ],
            "support": {
                "source": "https://github.com/jongotlin/wsdl2phpgenerator/tree/ssl"
            },
            "time": "2020-04-22T06:38:38+00:00"
        }
    ],
    "aliases": [],
    "minimum-stability": "dev",
    "stability-flags": {
        "wsdl2phpgenerator/wsdl2phpgenerator": 20
    },
    "prefer-stable": false,
    "prefer-lowest": false,
    "platform": {
        "php": "^7.2",
        "ext-soap": "*"
    },
    "platform-dev": []
}
